// !$*UTF8*$!
{
	archiveVersion = 1;
	classes = {
	};
	objectVersion = 55;
	objects = {

/* Begin PBXBuildFile section */
		4F021CBA418911B444F3426A /* Pods_AutoLayout.framework in Frameworks */ = {isa = PBXBuildFile; fileRef = 7B7FD750F57B6392E5134C76 /* Pods_AutoLayout.framework */; };
		900142FD28470AD000AF6E68 /* NunitoSans-LightItalic.ttf in Resources */ = {isa = PBXBuildFile; fileRef = 900142EE28470AD000AF6E68 /* NunitoSans-LightItalic.ttf */; };
		900142FE28470AD000AF6E68 /* NunitoSans-BoldItalic.ttf in Resources */ = {isa = PBXBuildFile; fileRef = 900142EF28470AD000AF6E68 /* NunitoSans-BoldItalic.ttf */; };
		900142FF28470AD000AF6E68 /* NunitoSans-ExtraLight.ttf in Resources */ = {isa = PBXBuildFile; fileRef = 900142F028470AD000AF6E68 /* NunitoSans-ExtraLight.ttf */; };
		9001430028470AD000AF6E68 /* NunitoSans-Light.ttf in Resources */ = {isa = PBXBuildFile; fileRef = 900142F128470AD000AF6E68 /* NunitoSans-Light.ttf */; };
		9001430128470AD000AF6E68 /* NunitoSans-BlackItalic.ttf in Resources */ = {isa = PBXBuildFile; fileRef = 900142F228470AD000AF6E68 /* NunitoSans-BlackItalic.ttf */; };
		9001430228470AD000AF6E68 /* NunitoSans-ExtraBold.ttf in Resources */ = {isa = PBXBuildFile; fileRef = 900142F328470AD000AF6E68 /* NunitoSans-ExtraBold.ttf */; };
		9001430328470AD000AF6E68 /* NunitoSans-Regular.ttf in Resources */ = {isa = PBXBuildFile; fileRef = 900142F428470AD000AF6E68 /* NunitoSans-Regular.ttf */; };
		9001430428470AD000AF6E68 /* NunitoSans-SemiBoldItalic.ttf in Resources */ = {isa = PBXBuildFile; fileRef = 900142F528470AD000AF6E68 /* NunitoSans-SemiBoldItalic.ttf */; };
		9001430528470AD000AF6E68 /* NunitoSans-Italic.ttf in Resources */ = {isa = PBXBuildFile; fileRef = 900142F628470AD000AF6E68 /* NunitoSans-Italic.ttf */; };
		9001430628470AD000AF6E68 /* OFL.txt in Resources */ = {isa = PBXBuildFile; fileRef = 900142F728470AD000AF6E68 /* OFL.txt */; };
		9001430728470AD000AF6E68 /* NunitoSans-Bold.ttf in Resources */ = {isa = PBXBuildFile; fileRef = 900142F828470AD000AF6E68 /* NunitoSans-Bold.ttf */; };
		9001430828470AD000AF6E68 /* NunitoSans-SemiBold.ttf in Resources */ = {isa = PBXBuildFile; fileRef = 900142F928470AD000AF6E68 /* NunitoSans-SemiBold.ttf */; };
		9001430928470AD000AF6E68 /* NunitoSans-Black.ttf in Resources */ = {isa = PBXBuildFile; fileRef = 900142FA28470AD000AF6E68 /* NunitoSans-Black.ttf */; };
		9001430A28470AD000AF6E68 /* NunitoSans-ExtraBoldItalic.ttf in Resources */ = {isa = PBXBuildFile; fileRef = 900142FB28470AD000AF6E68 /* NunitoSans-ExtraBoldItalic.ttf */; };
		9001430B28470AD000AF6E68 /* NunitoSans-ExtraLightItalic.ttf in Resources */ = {isa = PBXBuildFile; fileRef = 900142FC28470AD000AF6E68 /* NunitoSans-ExtraLightItalic.ttf */; };
		9001434A2847134600AF6E68 /* Inter-Medium.ttf in Resources */ = {isa = PBXBuildFile; fileRef = 900143412847134600AF6E68 /* Inter-Medium.ttf */; };
		9001434B2847134600AF6E68 /* Inter-Light.ttf in Resources */ = {isa = PBXBuildFile; fileRef = 900143422847134600AF6E68 /* Inter-Light.ttf */; };
		9001434C2847134600AF6E68 /* Inter-Thin.ttf in Resources */ = {isa = PBXBuildFile; fileRef = 900143432847134600AF6E68 /* Inter-Thin.ttf */; };
		9001434D2847134600AF6E68 /* Inter-Bold.ttf in Resources */ = {isa = PBXBuildFile; fileRef = 900143442847134600AF6E68 /* Inter-Bold.ttf */; };
		9001434E2847134600AF6E68 /* Inter-Regular.ttf in Resources */ = {isa = PBXBuildFile; fileRef = 900143452847134600AF6E68 /* Inter-Regular.ttf */; };
		9001434F2847134600AF6E68 /* Inter-ExtraBold.ttf in Resources */ = {isa = PBXBuildFile; fileRef = 900143462847134600AF6E68 /* Inter-ExtraBold.ttf */; };
		900143502847134600AF6E68 /* Inter-ExtraLight.ttf in Resources */ = {isa = PBXBuildFile; fileRef = 900143472847134600AF6E68 /* Inter-ExtraLight.ttf */; };
		900143512847134600AF6E68 /* Inter-Black.ttf in Resources */ = {isa = PBXBuildFile; fileRef = 900143482847134600AF6E68 /* Inter-Black.ttf */; };
		900143522847134600AF6E68 /* Inter-SemiBold.ttf in Resources */ = {isa = PBXBuildFile; fileRef = 900143492847134600AF6E68 /* Inter-SemiBold.ttf */; };
		9001435428471D5E00AF6E68 /* Fonts.swift in Sources */ = {isa = PBXBuildFile; fileRef = 9001435328471D5E00AF6E68 /* Fonts.swift */; };
		900143562847560700AF6E68 /* UserAPI.swift in Sources */ = {isa = PBXBuildFile; fileRef = 900143552847560700AF6E68 /* UserAPI.swift */; };
		900143582847708100AF6E68 /* PhoneNumberModel.swift in Sources */ = {isa = PBXBuildFile; fileRef = 900143572847708100AF6E68 /* PhoneNumberModel.swift */; };
		9001435A2847710B00AF6E68 /* ExtentionString.swift in Sources */ = {isa = PBXBuildFile; fileRef = 900143592847710B00AF6E68 /* ExtentionString.swift */; };
		9009BF092831F68C0080A0D9 /* FirstViewController.swift in Sources */ = {isa = PBXBuildFile; fileRef = 9009BF072831F68C0080A0D9 /* FirstViewController.swift */; };
		9009BF0A2831F68C0080A0D9 /* FirstViewController.xib in Resources */ = {isa = PBXBuildFile; fileRef = 9009BF082831F68C0080A0D9 /* FirstViewController.xib */; };
		9009BF0D2831F8AC0080A0D9 /* LoginViewController.swift in Sources */ = {isa = PBXBuildFile; fileRef = 9009BF0B2831F8AC0080A0D9 /* LoginViewController.swift */; };
		9009BF0E2831F8AC0080A0D9 /* LoginViewController.xib in Resources */ = {isa = PBXBuildFile; fileRef = 9009BF0C2831F8AC0080A0D9 /* LoginViewController.xib */; };
		9009BF112831F91B0080A0D9 /* OTPViewController.swift in Sources */ = {isa = PBXBuildFile; fileRef = 9009BF0F2831F91B0080A0D9 /* OTPViewController.swift */; };
		9009BF122831F91B0080A0D9 /* OTPViewController.xib in Resources */ = {isa = PBXBuildFile; fileRef = 9009BF102831F91B0080A0D9 /* OTPViewController.xib */; };
		903B61232834F55400E72DBA /* Extention.swift in Sources */ = {isa = PBXBuildFile; fileRef = 903B61222834F55400E72DBA /* Extention.swift */; };
		907AA5B728333DDD00BFB8FF /* Home.swift in Sources */ = {isa = PBXBuildFile; fileRef = 907AA5B628333DDD00BFB8FF /* Home.swift */; };
		908ACBD228420325006E8E56 /* UserViewController.swift in Sources */ = {isa = PBXBuildFile; fileRef = 908ACBD028420325006E8E56 /* UserViewController.swift */; };
		908ACBD328420325006E8E56 /* UserViewController.xib in Resources */ = {isa = PBXBuildFile; fileRef = 908ACBD128420325006E8E56 /* UserViewController.xib */; };
		909099492832320B0065A318 /* HomeViewController.swift in Sources */ = {isa = PBXBuildFile; fileRef = 909099472832320B0065A318 /* HomeViewController.swift */; };
		9090994A2832320B0065A318 /* HomeViewController.xib in Resources */ = {isa = PBXBuildFile; fileRef = 909099482832320B0065A318 /* HomeViewController.xib */; };
		9090994D28324BC00065A318 /* NewsCollectionViewCell.swift in Sources */ = {isa = PBXBuildFile; fileRef = 9090994B28324BC00065A318 /* NewsCollectionViewCell.swift */; };
		9090994E28324BC00065A318 /* NewsCollectionViewCell.xib in Resources */ = {isa = PBXBuildFile; fileRef = 9090994C28324BC00065A318 /* NewsCollectionViewCell.xib */; };
		9090995128324BD60065A318 /* PromoCollectionViewCell.swift in Sources */ = {isa = PBXBuildFile; fileRef = 9090994F28324BD60065A318 /* PromoCollectionViewCell.swift */; };
		9090995228324BD60065A318 /* PromoCollectionViewCell.xib in Resources */ = {isa = PBXBuildFile; fileRef = 9090995028324BD60065A318 /* PromoCollectionViewCell.xib */; };
		9090995528324BE70065A318 /* IntroduceCollectionViewCell.swift in Sources */ = {isa = PBXBuildFile; fileRef = 9090995328324BE70065A318 /* IntroduceCollectionViewCell.swift */; };
		9090995628324BE70065A318 /* IntroduceCollectionViewCell.xib in Resources */ = {isa = PBXBuildFile; fileRef = 9090995428324BE70065A318 /* IntroduceCollectionViewCell.xib */; };
		90AD2C9C2845FECA00414C56 /* DetailsViewController.swift in Sources */ = {isa = PBXBuildFile; fileRef = 90AD2C9A2845FECA00414C56 /* DetailsViewController.swift */; };
		90AD2C9D2845FECA00414C56 /* DetailsViewController.xib in Resources */ = {isa = PBXBuildFile; fileRef = 90AD2C9B2845FECA00414C56 /* DetailsViewController.xib */; };
		90B567EC2845BCE300BAA893 /* NewTableViewCell.swift in Sources */ = {isa = PBXBuildFile; fileRef = 90B567EA2845BCE300BAA893 /* NewTableViewCell.swift */; };
		90B567ED2845BCE300BAA893 /* NewTableViewCell.xib in Resources */ = {isa = PBXBuildFile; fileRef = 90B567EB2845BCE300BAA893 /* NewTableViewCell.xib */; };
		90BF9A2D282DF9FA0057C9BA /* AppDelegate.swift in Sources */ = {isa = PBXBuildFile; fileRef = 90BF9A2C282DF9FA0057C9BA /* AppDelegate.swift */; };
		90BF9A36282DF9FC0057C9BA /* Assets.xcassets in Resources */ = {isa = PBXBuildFile; fileRef = 90BF9A35282DF9FC0057C9BA /* Assets.xcassets */; };
		90BF9A39282DF9FC0057C9BA /* LaunchScreen.storyboard in Resources */ = {isa = PBXBuildFile; fileRef = 90BF9A37282DF9FC0057C9BA /* LaunchScreen.storyboard */; };
		90BF9A42282E0A4F0057C9BA /* LoginCollectionViewCell.swift in Sources */ = {isa = PBXBuildFile; fileRef = 90BF9A40282E0A4F0057C9BA /* LoginCollectionViewCell.swift */; };
		90BF9A43282E0A4F0057C9BA /* LoginCollectionViewCell.xib in Resources */ = {isa = PBXBuildFile; fileRef = 90BF9A41282E0A4F0057C9BA /* LoginCollectionViewCell.xib */; };
		90BF9A45282E0C810057C9BA /* Login.swift in Sources */ = {isa = PBXBuildFile; fileRef = 90BF9A44282E0C810057C9BA /* Login.swift */; };
		90C69A6C283DCB2400CD3286 /* APIUtilities.swift in Sources */ = {isa = PBXBuildFile; fileRef = 90C69A6B283DCB2400CD3286 /* APIUtilities.swift */; };
		90C69A70283DD83F00CD3286 /* PatientNewFeedModel.swift in Sources */ = {isa = PBXBuildFile; fileRef = 90C69A6F283DD83F00CD3286 /* PatientNewFeedModel.swift */; };
		90C69A72283DD9AC00CD3286 /* PatientNewModel.swift in Sources */ = {isa = PBXBuildFile; fileRef = 90C69A71283DD9AC00CD3286 /* PatientNewModel.swift */; };
		90C69A74283DD9BA00CD3286 /* PatientPromoModel.swift in Sources */ = {isa = PBXBuildFile; fileRef = 90C69A73283DD9BA00CD3286 /* PatientPromoModel.swift */; };
		90C69A76283DD9C900CD3286 /* PatientIntroModel.swift in Sources */ = {isa = PBXBuildFile; fileRef = 90C69A75283DD9C900CD3286 /* PatientIntroModel.swift */; };
		90C69A78283E1B6A00CD3286 /* Ultilities.swift in Sources */ = {isa = PBXBuildFile; fileRef = 90C69A77283E1B6A00CD3286 /* Ultilities.swift */; };
		90CC0F1C283CBBBD00CB29BE /* ExtentionOTP.swift in Sources */ = {isa = PBXBuildFile; fileRef = 90CC0F1B283CBBBD00CB29BE /* ExtentionOTP.swift */; };
		90CC0F1E283CBD1900CB29BE /* ExtentionOTPTextField.swift in Sources */ = {isa = PBXBuildFile; fileRef = 90CC0F1D283CBD1900CB29BE /* ExtentionOTPTextField.swift */; };
		90CC0F25283CEB2B00CB29BE /* NewsViewController.swift in Sources */ = {isa = PBXBuildFile; fileRef = 90CC0F23283CEB2B00CB29BE /* NewsViewController.swift */; };
		90CC0F26283CEB2B00CB29BE /* NewsViewController.xib in Resources */ = {isa = PBXBuildFile; fileRef = 90CC0F24283CEB2B00CB29BE /* NewsViewController.xib */; };
		90CC0F29283CEB3800CB29BE /* PromoViewController.swift in Sources */ = {isa = PBXBuildFile; fileRef = 90CC0F27283CEB3800CB29BE /* PromoViewController.swift */; };
		90CC0F2A283CEB3800CB29BE /* PromoViewController.xib in Resources */ = {isa = PBXBuildFile; fileRef = 90CC0F28283CEB3800CB29BE /* PromoViewController.xib */; };
		90CC0F2D283CEB4400CB29BE /* IntroViewController.swift in Sources */ = {isa = PBXBuildFile; fileRef = 90CC0F2B283CEB4400CB29BE /* IntroViewController.swift */; };
		90CC0F2E283CEB4400CB29BE /* IntroViewController.xib in Resources */ = {isa = PBXBuildFile; fileRef = 90CC0F2C283CEB4400CB29BE /* IntroViewController.xib */; };
		90EAB2A12852E252009641A5 /* LocationAPI.swift in Sources */ = {isa = PBXBuildFile; fileRef = 90EAB2A02852E252009641A5 /* LocationAPI.swift */; };
		90F27624283F3002006689EB /* PromoTableViewCell.swift in Sources */ = {isa = PBXBuildFile; fileRef = 90F27622283F3002006689EB /* PromoTableViewCell.swift */; };
		90F27625283F3002006689EB /* PromoTableViewCell.xib in Resources */ = {isa = PBXBuildFile; fileRef = 90F27623283F3002006689EB /* PromoTableViewCell.xib */; };
		90F27628283F32A3006689EB /* PromoAPI.swift in Sources */ = {isa = PBXBuildFile; fileRef = 90F27627283F32A3006689EB /* PromoAPI.swift */; };
		90F2762A283F7A60006689EB /* NewAPI.swift in Sources */ = {isa = PBXBuildFile; fileRef = 90F27629283F7A60006689EB /* NewAPI.swift */; };
		90F2762C283F8223006689EB /* IntroAPI.swift in Sources */ = {isa = PBXBuildFile; fileRef = 90F2762B283F8223006689EB /* IntroAPI.swift */; };
		90F2762F283F859F006689EB /* IntroTableViewCell.swift in Sources */ = {isa = PBXBuildFile; fileRef = 90F2762D283F859F006689EB /* IntroTableViewCell.swift */; };
		90F27630283F859F006689EB /* IntroTableViewCell.xib in Resources */ = {isa = PBXBuildFile; fileRef = 90F2762E283F859F006689EB /* IntroTableViewCell.xib */; };
/* End PBXBuildFile section */

/* Begin PBXFileReference section */
		3F7524CA283CC600BC59A30D /* Pods-AutoLayout.release.xcconfig */ = {isa = PBXFileReference; includeInIndex = 1; lastKnownFileType = text.xcconfig; name = "Pods-AutoLayout.release.xcconfig"; path = "Target Support Files/Pods-AutoLayout/Pods-AutoLayout.release.xcconfig"; sourceTree = "<group>"; };
		7B7FD750F57B6392E5134C76 /* Pods_AutoLayout.framework */ = {isa = PBXFileReference; explicitFileType = wrapper.framework; includeInIndex = 0; path = Pods_AutoLayout.framework; sourceTree = BUILT_PRODUCTS_DIR; };
		900142EE28470AD000AF6E68 /* NunitoSans-LightItalic.ttf */ = {isa = PBXFileReference; lastKnownFileType = file; path = "NunitoSans-LightItalic.ttf"; sourceTree = "<group>"; };
		900142EF28470AD000AF6E68 /* NunitoSans-BoldItalic.ttf */ = {isa = PBXFileReference; lastKnownFileType = file; path = "NunitoSans-BoldItalic.ttf"; sourceTree = "<group>"; };
		900142F028470AD000AF6E68 /* NunitoSans-ExtraLight.ttf */ = {isa = PBXFileReference; lastKnownFileType = file; path = "NunitoSans-ExtraLight.ttf"; sourceTree = "<group>"; };
		900142F128470AD000AF6E68 /* NunitoSans-Light.ttf */ = {isa = PBXFileReference; lastKnownFileType = file; path = "NunitoSans-Light.ttf"; sourceTree = "<group>"; };
		900142F228470AD000AF6E68 /* NunitoSans-BlackItalic.ttf */ = {isa = PBXFileReference; lastKnownFileType = file; path = "NunitoSans-BlackItalic.ttf"; sourceTree = "<group>"; };
		900142F328470AD000AF6E68 /* NunitoSans-ExtraBold.ttf */ = {isa = PBXFileReference; lastKnownFileType = file; path = "NunitoSans-ExtraBold.ttf"; sourceTree = "<group>"; };
		900142F428470AD000AF6E68 /* NunitoSans-Regular.ttf */ = {isa = PBXFileReference; lastKnownFileType = file; path = "NunitoSans-Regular.ttf"; sourceTree = "<group>"; };
		900142F528470AD000AF6E68 /* NunitoSans-SemiBoldItalic.ttf */ = {isa = PBXFileReference; lastKnownFileType = file; path = "NunitoSans-SemiBoldItalic.ttf"; sourceTree = "<group>"; };
		900142F628470AD000AF6E68 /* NunitoSans-Italic.ttf */ = {isa = PBXFileReference; lastKnownFileType = file; path = "NunitoSans-Italic.ttf"; sourceTree = "<group>"; };
		900142F728470AD000AF6E68 /* OFL.txt */ = {isa = PBXFileReference; fileEncoding = 4; lastKnownFileType = text; path = OFL.txt; sourceTree = "<group>"; };
		900142F828470AD000AF6E68 /* NunitoSans-Bold.ttf */ = {isa = PBXFileReference; lastKnownFileType = file; path = "NunitoSans-Bold.ttf"; sourceTree = "<group>"; };
		900142F928470AD000AF6E68 /* NunitoSans-SemiBold.ttf */ = {isa = PBXFileReference; lastKnownFileType = file; path = "NunitoSans-SemiBold.ttf"; sourceTree = "<group>"; };
		900142FA28470AD000AF6E68 /* NunitoSans-Black.ttf */ = {isa = PBXFileReference; lastKnownFileType = file; path = "NunitoSans-Black.ttf"; sourceTree = "<group>"; };
		900142FB28470AD000AF6E68 /* NunitoSans-ExtraBoldItalic.ttf */ = {isa = PBXFileReference; lastKnownFileType = file; path = "NunitoSans-ExtraBoldItalic.ttf"; sourceTree = "<group>"; };
		900142FC28470AD000AF6E68 /* NunitoSans-ExtraLightItalic.ttf */ = {isa = PBXFileReference; lastKnownFileType = file; path = "NunitoSans-ExtraLightItalic.ttf"; sourceTree = "<group>"; };
		900143412847134600AF6E68 /* Inter-Medium.ttf */ = {isa = PBXFileReference; lastKnownFileType = file; path = "Inter-Medium.ttf"; sourceTree = "<group>"; };
		900143422847134600AF6E68 /* Inter-Light.ttf */ = {isa = PBXFileReference; lastKnownFileType = file; path = "Inter-Light.ttf"; sourceTree = "<group>"; };
		900143432847134600AF6E68 /* Inter-Thin.ttf */ = {isa = PBXFileReference; lastKnownFileType = file; path = "Inter-Thin.ttf"; sourceTree = "<group>"; };
		900143442847134600AF6E68 /* Inter-Bold.ttf */ = {isa = PBXFileReference; lastKnownFileType = file; path = "Inter-Bold.ttf"; sourceTree = "<group>"; };
		900143452847134600AF6E68 /* Inter-Regular.ttf */ = {isa = PBXFileReference; lastKnownFileType = file; path = "Inter-Regular.ttf"; sourceTree = "<group>"; };
		900143462847134600AF6E68 /* Inter-ExtraBold.ttf */ = {isa = PBXFileReference; lastKnownFileType = file; path = "Inter-ExtraBold.ttf"; sourceTree = "<group>"; };
		900143472847134600AF6E68 /* Inter-ExtraLight.ttf */ = {isa = PBXFileReference; lastKnownFileType = file; path = "Inter-ExtraLight.ttf"; sourceTree = "<group>"; };
		900143482847134600AF6E68 /* Inter-Black.ttf */ = {isa = PBXFileReference; lastKnownFileType = file; path = "Inter-Black.ttf"; sourceTree = "<group>"; };
		900143492847134600AF6E68 /* Inter-SemiBold.ttf */ = {isa = PBXFileReference; lastKnownFileType = file; path = "Inter-SemiBold.ttf"; sourceTree = "<group>"; };
		9001435328471D5E00AF6E68 /* Fonts.swift */ = {isa = PBXFileReference; lastKnownFileType = sourcecode.swift; path = Fonts.swift; sourceTree = "<group>"; };
		900143552847560700AF6E68 /* UserAPI.swift */ = {isa = PBXFileReference; lastKnownFileType = sourcecode.swift; path = UserAPI.swift; sourceTree = "<group>"; };
		900143572847708100AF6E68 /* PhoneNumberModel.swift */ = {isa = PBXFileReference; lastKnownFileType = sourcecode.swift; path = PhoneNumberModel.swift; sourceTree = "<group>"; };
		900143592847710B00AF6E68 /* ExtentionString.swift */ = {isa = PBXFileReference; lastKnownFileType = sourcecode.swift; path = ExtentionString.swift; sourceTree = "<group>"; };
		9009BF072831F68C0080A0D9 /* FirstViewController.swift */ = {isa = PBXFileReference; lastKnownFileType = sourcecode.swift; path = FirstViewController.swift; sourceTree = "<group>"; };
		9009BF082831F68C0080A0D9 /* FirstViewController.xib */ = {isa = PBXFileReference; lastKnownFileType = file.xib; path = FirstViewController.xib; sourceTree = "<group>"; };
		9009BF0B2831F8AC0080A0D9 /* LoginViewController.swift */ = {isa = PBXFileReference; lastKnownFileType = sourcecode.swift; path = LoginViewController.swift; sourceTree = "<group>"; };
		9009BF0C2831F8AC0080A0D9 /* LoginViewController.xib */ = {isa = PBXFileReference; lastKnownFileType = file.xib; path = LoginViewController.xib; sourceTree = "<group>"; };
		9009BF0F2831F91B0080A0D9 /* OTPViewController.swift */ = {isa = PBXFileReference; lastKnownFileType = sourcecode.swift; path = OTPViewController.swift; sourceTree = "<group>"; };
		9009BF102831F91B0080A0D9 /* OTPViewController.xib */ = {isa = PBXFileReference; lastKnownFileType = file.xib; path = OTPViewController.xib; sourceTree = "<group>"; };
		903B61222834F55400E72DBA /* Extention.swift */ = {isa = PBXFileReference; lastKnownFileType = sourcecode.swift; path = Extention.swift; sourceTree = "<group>"; };
		907AA5B628333DDD00BFB8FF /* Home.swift */ = {isa = PBXFileReference; lastKnownFileType = sourcecode.swift; path = Home.swift; sourceTree = "<group>"; };
		908ACBD028420325006E8E56 /* UserViewController.swift */ = {isa = PBXFileReference; lastKnownFileType = sourcecode.swift; path = UserViewController.swift; sourceTree = "<group>"; };
		908ACBD128420325006E8E56 /* UserViewController.xib */ = {isa = PBXFileReference; lastKnownFileType = file.xib; path = UserViewController.xib; sourceTree = "<group>"; };
		909099472832320B0065A318 /* HomeViewController.swift */ = {isa = PBXFileReference; lastKnownFileType = sourcecode.swift; path = HomeViewController.swift; sourceTree = "<group>"; };
		909099482832320B0065A318 /* HomeViewController.xib */ = {isa = PBXFileReference; lastKnownFileType = file.xib; path = HomeViewController.xib; sourceTree = "<group>"; };
		9090994B28324BC00065A318 /* NewsCollectionViewCell.swift */ = {isa = PBXFileReference; lastKnownFileType = sourcecode.swift; path = NewsCollectionViewCell.swift; sourceTree = "<group>"; };
		9090994C28324BC00065A318 /* NewsCollectionViewCell.xib */ = {isa = PBXFileReference; lastKnownFileType = file.xib; path = NewsCollectionViewCell.xib; sourceTree = "<group>"; };
		9090994F28324BD60065A318 /* PromoCollectionViewCell.swift */ = {isa = PBXFileReference; lastKnownFileType = sourcecode.swift; path = PromoCollectionViewCell.swift; sourceTree = "<group>"; };
		9090995028324BD60065A318 /* PromoCollectionViewCell.xib */ = {isa = PBXFileReference; lastKnownFileType = file.xib; path = PromoCollectionViewCell.xib; sourceTree = "<group>"; };
		9090995328324BE70065A318 /* IntroduceCollectionViewCell.swift */ = {isa = PBXFileReference; lastKnownFileType = sourcecode.swift; path = IntroduceCollectionViewCell.swift; sourceTree = "<group>"; };
		9090995428324BE70065A318 /* IntroduceCollectionViewCell.xib */ = {isa = PBXFileReference; lastKnownFileType = file.xib; path = IntroduceCollectionViewCell.xib; sourceTree = "<group>"; };
		90AD2C9A2845FECA00414C56 /* DetailsViewController.swift */ = {isa = PBXFileReference; lastKnownFileType = sourcecode.swift; path = DetailsViewController.swift; sourceTree = "<group>"; };
		90AD2C9B2845FECA00414C56 /* DetailsViewController.xib */ = {isa = PBXFileReference; lastKnownFileType = file.xib; path = DetailsViewController.xib; sourceTree = "<group>"; };
		90B567EA2845BCE300BAA893 /* NewTableViewCell.swift */ = {isa = PBXFileReference; lastKnownFileType = sourcecode.swift; path = NewTableViewCell.swift; sourceTree = "<group>"; };
		90B567EB2845BCE300BAA893 /* NewTableViewCell.xib */ = {isa = PBXFileReference; lastKnownFileType = file.xib; path = NewTableViewCell.xib; sourceTree = "<group>"; };
		90BF9A29282DF9FA0057C9BA /* AutoLayout.app */ = {isa = PBXFileReference; explicitFileType = wrapper.application; includeInIndex = 0; path = AutoLayout.app; sourceTree = BUILT_PRODUCTS_DIR; };
		90BF9A2C282DF9FA0057C9BA /* AppDelegate.swift */ = {isa = PBXFileReference; lastKnownFileType = sourcecode.swift; path = AppDelegate.swift; sourceTree = "<group>"; };
		90BF9A35282DF9FC0057C9BA /* Assets.xcassets */ = {isa = PBXFileReference; lastKnownFileType = folder.assetcatalog; path = Assets.xcassets; sourceTree = "<group>"; };
		90BF9A38282DF9FC0057C9BA /* Base */ = {isa = PBXFileReference; lastKnownFileType = file.storyboard; name = Base; path = Base.lproj/LaunchScreen.storyboard; sourceTree = "<group>"; };
		90BF9A3A282DF9FC0057C9BA /* Info.plist */ = {isa = PBXFileReference; lastKnownFileType = text.plist.xml; path = Info.plist; sourceTree = "<group>"; };
		90BF9A40282E0A4F0057C9BA /* LoginCollectionViewCell.swift */ = {isa = PBXFileReference; lastKnownFileType = sourcecode.swift; path = LoginCollectionViewCell.swift; sourceTree = "<group>"; };
		90BF9A41282E0A4F0057C9BA /* LoginCollectionViewCell.xib */ = {isa = PBXFileReference; lastKnownFileType = file.xib; path = LoginCollectionViewCell.xib; sourceTree = "<group>"; };
		90BF9A44282E0C810057C9BA /* Login.swift */ = {isa = PBXFileReference; lastKnownFileType = sourcecode.swift; path = Login.swift; sourceTree = "<group>"; };
		90C69A6B283DCB2400CD3286 /* APIUtilities.swift */ = {isa = PBXFileReference; lastKnownFileType = sourcecode.swift; path = APIUtilities.swift; sourceTree = "<group>"; };
		90C69A6F283DD83F00CD3286 /* PatientNewFeedModel.swift */ = {isa = PBXFileReference; lastKnownFileType = sourcecode.swift; path = PatientNewFeedModel.swift; sourceTree = "<group>"; };
		90C69A71283DD9AC00CD3286 /* PatientNewModel.swift */ = {isa = PBXFileReference; lastKnownFileType = sourcecode.swift; path = PatientNewModel.swift; sourceTree = "<group>"; };
		90C69A73283DD9BA00CD3286 /* PatientPromoModel.swift */ = {isa = PBXFileReference; lastKnownFileType = sourcecode.swift; path = PatientPromoModel.swift; sourceTree = "<group>"; };
		90C69A75283DD9C900CD3286 /* PatientIntroModel.swift */ = {isa = PBXFileReference; lastKnownFileType = sourcecode.swift; path = PatientIntroModel.swift; sourceTree = "<group>"; };
		90C69A77283E1B6A00CD3286 /* Ultilities.swift */ = {isa = PBXFileReference; lastKnownFileType = sourcecode.swift; path = Ultilities.swift; sourceTree = "<group>"; };
		90CC0F1B283CBBBD00CB29BE /* ExtentionOTP.swift */ = {isa = PBXFileReference; lastKnownFileType = sourcecode.swift; path = ExtentionOTP.swift; sourceTree = "<group>"; };
		90CC0F1D283CBD1900CB29BE /* ExtentionOTPTextField.swift */ = {isa = PBXFileReference; lastKnownFileType = sourcecode.swift; path = ExtentionOTPTextField.swift; sourceTree = "<group>"; };
		90CC0F23283CEB2B00CB29BE /* NewsViewController.swift */ = {isa = PBXFileReference; lastKnownFileType = sourcecode.swift; path = NewsViewController.swift; sourceTree = "<group>"; };
		90CC0F24283CEB2B00CB29BE /* NewsViewController.xib */ = {isa = PBXFileReference; lastKnownFileType = file.xib; path = NewsViewController.xib; sourceTree = "<group>"; };
		90CC0F27283CEB3800CB29BE /* PromoViewController.swift */ = {isa = PBXFileReference; lastKnownFileType = sourcecode.swift; path = PromoViewController.swift; sourceTree = "<group>"; };
		90CC0F28283CEB3800CB29BE /* PromoViewController.xib */ = {isa = PBXFileReference; lastKnownFileType = file.xib; path = PromoViewController.xib; sourceTree = "<group>"; };
		90CC0F2B283CEB4400CB29BE /* IntroViewController.swift */ = {isa = PBXFileReference; lastKnownFileType = sourcecode.swift; path = IntroViewController.swift; sourceTree = "<group>"; };
		90CC0F2C283CEB4400CB29BE /* IntroViewController.xib */ = {isa = PBXFileReference; lastKnownFileType = file.xib; path = IntroViewController.xib; sourceTree = "<group>"; };
		90EAB2A02852E252009641A5 /* LocationAPI.swift */ = {isa = PBXFileReference; lastKnownFileType = sourcecode.swift; path = LocationAPI.swift; sourceTree = "<group>"; };
		90F27622283F3002006689EB /* PromoTableViewCell.swift */ = {isa = PBXFileReference; lastKnownFileType = sourcecode.swift; path = PromoTableViewCell.swift; sourceTree = "<group>"; };
		90F27623283F3002006689EB /* PromoTableViewCell.xib */ = {isa = PBXFileReference; lastKnownFileType = file.xib; path = PromoTableViewCell.xib; sourceTree = "<group>"; };
		90F27627283F32A3006689EB /* PromoAPI.swift */ = {isa = PBXFileReference; lastKnownFileType = sourcecode.swift; path = PromoAPI.swift; sourceTree = "<group>"; };
		90F27629283F7A60006689EB /* NewAPI.swift */ = {isa = PBXFileReference; lastKnownFileType = sourcecode.swift; path = NewAPI.swift; sourceTree = "<group>"; };
		90F2762B283F8223006689EB /* IntroAPI.swift */ = {isa = PBXFileReference; lastKnownFileType = sourcecode.swift; path = IntroAPI.swift; sourceTree = "<group>"; };
		90F2762D283F859F006689EB /* IntroTableViewCell.swift */ = {isa = PBXFileReference; lastKnownFileType = sourcecode.swift; path = IntroTableViewCell.swift; sourceTree = "<group>"; };
		90F2762E283F859F006689EB /* IntroTableViewCell.xib */ = {isa = PBXFileReference; lastKnownFileType = file.xib; path = IntroTableViewCell.xib; sourceTree = "<group>"; };
		E171CCB9DEBC95CE621DFADA /* Pods-AutoLayout.debug.xcconfig */ = {isa = PBXFileReference; includeInIndex = 1; lastKnownFileType = text.xcconfig; name = "Pods-AutoLayout.debug.xcconfig"; path = "Target Support Files/Pods-AutoLayout/Pods-AutoLayout.debug.xcconfig"; sourceTree = "<group>"; };
/* End PBXFileReference section */

/* Begin PBXFrameworksBuildPhase section */
		90BF9A26282DF9FA0057C9BA /* Frameworks */ = {
			isa = PBXFrameworksBuildPhase;
			buildActionMask = 2147483647;
			files = (
				4F021CBA418911B444F3426A /* Pods_AutoLayout.framework in Frameworks */,
			);
			runOnlyForDeploymentPostprocessing = 0;
		};
/* End PBXFrameworksBuildPhase section */

/* Begin PBXGroup section */
		900142EC28470ABD00AF6E68 /* Fonts */ = {
			isa = PBXGroup;
			children = (
				900143402847134600AF6E68 /* Inter */,
				900142ED28470AD000AF6E68 /* Nunito_Sans */,
				9001435328471D5E00AF6E68 /* Fonts.swift */,
			);
			path = Fonts;
			sourceTree = "<group>";
		};
		900142ED28470AD000AF6E68 /* Nunito_Sans */ = {
			isa = PBXGroup;
			children = (
				900142EE28470AD000AF6E68 /* NunitoSans-LightItalic.ttf */,
				900142EF28470AD000AF6E68 /* NunitoSans-BoldItalic.ttf */,
				900142F028470AD000AF6E68 /* NunitoSans-ExtraLight.ttf */,
				900142F128470AD000AF6E68 /* NunitoSans-Light.ttf */,
				900142F228470AD000AF6E68 /* NunitoSans-BlackItalic.ttf */,
				900142F328470AD000AF6E68 /* NunitoSans-ExtraBold.ttf */,
				900142F428470AD000AF6E68 /* NunitoSans-Regular.ttf */,
				900142F528470AD000AF6E68 /* NunitoSans-SemiBoldItalic.ttf */,
				900142F628470AD000AF6E68 /* NunitoSans-Italic.ttf */,
				900142F728470AD000AF6E68 /* OFL.txt */,
				900142F828470AD000AF6E68 /* NunitoSans-Bold.ttf */,
				900142F928470AD000AF6E68 /* NunitoSans-SemiBold.ttf */,
				900142FA28470AD000AF6E68 /* NunitoSans-Black.ttf */,
				900142FB28470AD000AF6E68 /* NunitoSans-ExtraBoldItalic.ttf */,
				900142FC28470AD000AF6E68 /* NunitoSans-ExtraLightItalic.ttf */,
			);
			path = Nunito_Sans;
			sourceTree = "<group>";
		};
		900143402847134600AF6E68 /* Inter */ = {
			isa = PBXGroup;
			children = (
				900143412847134600AF6E68 /* Inter-Medium.ttf */,
				900143422847134600AF6E68 /* Inter-Light.ttf */,
				900143432847134600AF6E68 /* Inter-Thin.ttf */,
				900143442847134600AF6E68 /* Inter-Bold.ttf */,
				900143452847134600AF6E68 /* Inter-Regular.ttf */,
				900143462847134600AF6E68 /* Inter-ExtraBold.ttf */,
				900143472847134600AF6E68 /* Inter-ExtraLight.ttf */,
				900143482847134600AF6E68 /* Inter-Black.ttf */,
				900143492847134600AF6E68 /* Inter-SemiBold.ttf */,
			);
			path = Inter;
			sourceTree = "<group>";
		};
		9009BF132831F9550080A0D9 /* Moder */ = {
			isa = PBXGroup;
			children = (
				90C69A6D283DD81A00CD3286 /* Remote */,
				90BF9A44282E0C810057C9BA /* Login.swift */,
				907AA5B628333DDD00BFB8FF /* Home.swift */,
			);
			path = Moder;
			sourceTree = "<group>";
		};
		9009BF142831F96B0080A0D9 /* Screens */ = {
			isa = PBXGroup;
			children = (
				90CC0F1F283CEAE000CB29BE /* SeeHome */,
				90909946283231F90065A318 /* Home */,
				9009BF172831F9A90080A0D9 /* OTP */,
				9009BF162831F99A0080A0D9 /* Login */,
				9009BF152831F97F0080A0D9 /* First */,
			);
			path = Screens;
			sourceTree = "<group>";
		};
		9009BF152831F97F0080A0D9 /* First */ = {
			isa = PBXGroup;
			children = (
				9009BF072831F68C0080A0D9 /* FirstViewController.swift */,
				9009BF082831F68C0080A0D9 /* FirstViewController.xib */,
				90BF9A40282E0A4F0057C9BA /* LoginCollectionViewCell.swift */,
				90BF9A41282E0A4F0057C9BA /* LoginCollectionViewCell.xib */,
			);
			path = First;
			sourceTree = "<group>";
		};
		9009BF162831F99A0080A0D9 /* Login */ = {
			isa = PBXGroup;
			children = (
				9009BF0B2831F8AC0080A0D9 /* LoginViewController.swift */,
				9009BF0C2831F8AC0080A0D9 /* LoginViewController.xib */,
			);
			path = Login;
			sourceTree = "<group>";
		};
		9009BF172831F9A90080A0D9 /* OTP */ = {
			isa = PBXGroup;
			children = (
				9009BF0F2831F91B0080A0D9 /* OTPViewController.swift */,
				9009BF102831F91B0080A0D9 /* OTPViewController.xib */,
			);
			path = OTP;
			sourceTree = "<group>";
		};
		903B61212834F54200E72DBA /* Helper */ = {
			isa = PBXGroup;
			children = (
				900142EC28470ABD00AF6E68 /* Fonts */,
				90C69A6A283DCAF500CD3286 /* Extention */,
				90C69A69283DCAEE00CD3286 /* Utilities */,
			);
			path = Helper;
			sourceTree = "<group>";
		};
		907AA5B82833A31A00BFB8FF /* App */ = {
			isa = PBXGroup;
			children = (
				90BF9A2C282DF9FA0057C9BA /* AppDelegate.swift */,
			);
			path = App;
			sourceTree = "<group>";
		};
		908ACBCF284202EC006E8E56 /* User */ = {
			isa = PBXGroup;
			children = (
				908ACBD028420325006E8E56 /* UserViewController.swift */,
				908ACBD128420325006E8E56 /* UserViewController.xib */,
			);
			path = User;
			sourceTree = "<group>";
		};
		90909946283231F90065A318 /* Home */ = {
			isa = PBXGroup;
			children = (
				909099472832320B0065A318 /* HomeViewController.swift */,
				909099482832320B0065A318 /* HomeViewController.xib */,
				9090994B28324BC00065A318 /* NewsCollectionViewCell.swift */,
				9090994C28324BC00065A318 /* NewsCollectionViewCell.xib */,
				9090994F28324BD60065A318 /* PromoCollectionViewCell.swift */,
				9090995028324BD60065A318 /* PromoCollectionViewCell.xib */,
				9090995328324BE70065A318 /* IntroduceCollectionViewCell.swift */,
				9090995428324BE70065A318 /* IntroduceCollectionViewCell.xib */,
			);
			path = Home;
			sourceTree = "<group>";
		};
		90AD2C992845FEA800414C56 /* Details */ = {
			isa = PBXGroup;
			children = (
				90AD2C9A2845FECA00414C56 /* DetailsViewController.swift */,
				90AD2C9B2845FECA00414C56 /* DetailsViewController.xib */,
			);
			path = Details;
			sourceTree = "<group>";
		};
		90BF9A20282DF9FA0057C9BA = {
			isa = PBXGroup;
			children = (
				90BF9A2B282DF9FA0057C9BA /* AutoLayout */,
				90BF9A2A282DF9FA0057C9BA /* Products */,
				C436A1C1D867BFC5D789277D /* Pods */,
				F659B4616D4DE33AF5BDBE9D /* Frameworks */,
			);
			sourceTree = "<group>";
		};
		90BF9A2A282DF9FA0057C9BA /* Products */ = {
			isa = PBXGroup;
			children = (
				90BF9A29282DF9FA0057C9BA /* AutoLayout.app */,
			);
			name = Products;
			sourceTree = "<group>";
		};
		90BF9A2B282DF9FA0057C9BA /* AutoLayout */ = {
			isa = PBXGroup;
			children = (
				907AA5B82833A31A00BFB8FF /* App */,
				903B61212834F54200E72DBA /* Helper */,
				9009BF132831F9550080A0D9 /* Moder */,
				9009BF142831F96B0080A0D9 /* Screens */,
				90BF9A35282DF9FC0057C9BA /* Assets.xcassets */,
				90BF9A37282DF9FC0057C9BA /* LaunchScreen.storyboard */,
				90BF9A3A282DF9FC0057C9BA /* Info.plist */,
			);
			path = AutoLayout;
			sourceTree = "<group>";
		};
		90C69A69283DCAEE00CD3286 /* Utilities */ = {
			isa = PBXGroup;
			children = (
				90C69A6B283DCB2400CD3286 /* APIUtilities.swift */,
				90C69A77283E1B6A00CD3286 /* Ultilities.swift */,
			);
			path = Utilities;
			sourceTree = "<group>";
		};
		90C69A6A283DCAF500CD3286 /* Extention */ = {
			isa = PBXGroup;
			children = (
				903B61222834F55400E72DBA /* Extention.swift */,
				90CC0F1B283CBBBD00CB29BE /* ExtentionOTP.swift */,
				90CC0F1D283CBD1900CB29BE /* ExtentionOTPTextField.swift */,
				900143572847708100AF6E68 /* PhoneNumberModel.swift */,
				900143592847710B00AF6E68 /* ExtentionString.swift */,
			);
			path = Extention;
			sourceTree = "<group>";
		};
		90C69A6D283DD81A00CD3286 /* Remote */ = {
			isa = PBXGroup;
			children = (
				90F27626283F3276006689EB /* API */,
				90C69A6E283DD82400CD3286 /* PatientNewFeedModel */,
			);
			path = Remote;
			sourceTree = "<group>";
		};
		90C69A6E283DD82400CD3286 /* PatientNewFeedModel */ = {
			isa = PBXGroup;
			children = (
				90C69A6F283DD83F00CD3286 /* PatientNewFeedModel.swift */,
				90C69A71283DD9AC00CD3286 /* PatientNewModel.swift */,
				90C69A73283DD9BA00CD3286 /* PatientPromoModel.swift */,
				90C69A75283DD9C900CD3286 /* PatientIntroModel.swift */,
			);
			path = PatientNewFeedModel;
			sourceTree = "<group>";
		};
		90CC0F1F283CEAE000CB29BE /* SeeHome */ = {
			isa = PBXGroup;
			children = (
				90AD2C992845FEA800414C56 /* Details */,
				908ACBCF284202EC006E8E56 /* User */,
				90CC0F22283CEB1400CB29BE /* Intro */,
				90CC0F21283CEB0B00CB29BE /* Promo */,
				90CC0F20283CEAFC00CB29BE /* News */,
			);
			path = SeeHome;
			sourceTree = "<group>";
		};
		90CC0F20283CEAFC00CB29BE /* News */ = {
			isa = PBXGroup;
			children = (
				90CC0F23283CEB2B00CB29BE /* NewsViewController.swift */,
				90CC0F24283CEB2B00CB29BE /* NewsViewController.xib */,
				90B567EA2845BCE300BAA893 /* NewTableViewCell.swift */,
				90B567EB2845BCE300BAA893 /* NewTableViewCell.xib */,
			);
			path = News;
			sourceTree = "<group>";
		};
		90CC0F21283CEB0B00CB29BE /* Promo */ = {
			isa = PBXGroup;
			children = (
				90CC0F27283CEB3800CB29BE /* PromoViewController.swift */,
				90CC0F28283CEB3800CB29BE /* PromoViewController.xib */,
				90F27622283F3002006689EB /* PromoTableViewCell.swift */,
				90F27623283F3002006689EB /* PromoTableViewCell.xib */,
			);
			path = Promo;
			sourceTree = "<group>";
		};
		90CC0F22283CEB1400CB29BE /* Intro */ = {
			isa = PBXGroup;
			children = (
				90CC0F2B283CEB4400CB29BE /* IntroViewController.swift */,
				90CC0F2C283CEB4400CB29BE /* IntroViewController.xib */,
				90F2762D283F859F006689EB /* IntroTableViewCell.swift */,
				90F2762E283F859F006689EB /* IntroTableViewCell.xib */,
			);
			path = Intro;
			sourceTree = "<group>";
		};
		90F27626283F3276006689EB /* API */ = {
			isa = PBXGroup;
			children = (
				90F27627283F32A3006689EB /* PromoAPI.swift */,
				90F27629283F7A60006689EB /* NewAPI.swift */,
				90F2762B283F8223006689EB /* IntroAPI.swift */,
				900143552847560700AF6E68 /* UserAPI.swift */,
				90EAB2A02852E252009641A5 /* LocationAPI.swift */,
			);
			path = API;
			sourceTree = "<group>";
		};
		C436A1C1D867BFC5D789277D /* Pods */ = {
			isa = PBXGroup;
			children = (
				E171CCB9DEBC95CE621DFADA /* Pods-AutoLayout.debug.xcconfig */,
				3F7524CA283CC600BC59A30D /* Pods-AutoLayout.release.xcconfig */,
			);
			path = Pods;
			sourceTree = "<group>";
		};
		F659B4616D4DE33AF5BDBE9D /* Frameworks */ = {
			isa = PBXGroup;
			children = (
				7B7FD750F57B6392E5134C76 /* Pods_AutoLayout.framework */,
			);
			name = Frameworks;
			sourceTree = "<group>";
		};
/* End PBXGroup section */

/* Begin PBXNativeTarget section */
		90BF9A28282DF9FA0057C9BA /* AutoLayout */ = {
			isa = PBXNativeTarget;
			buildConfigurationList = 90BF9A3D282DF9FC0057C9BA /* Build configuration list for PBXNativeTarget "AutoLayout" */;
			buildPhases = (
				0DEFEDCE99A4BCDB88568835 /* [CP] Check Pods Manifest.lock */,
				90BF9A25282DF9FA0057C9BA /* Sources */,
				90BF9A26282DF9FA0057C9BA /* Frameworks */,
				90BF9A27282DF9FA0057C9BA /* Resources */,
				8F563B52900D3569464CCC4C /* [CP] Embed Pods Frameworks */,
			);
			buildRules = (
			);
			dependencies = (
			);
			name = AutoLayout;
			productName = AutoLayout;
			productReference = 90BF9A29282DF9FA0057C9BA /* AutoLayout.app */;
			productType = "com.apple.product-type.application";
		};
/* End PBXNativeTarget section */

/* Begin PBXProject section */
		90BF9A21282DF9FA0057C9BA /* Project object */ = {
			isa = PBXProject;
			attributes = {
				BuildIndependentTargetsInParallel = 1;
				LastSwiftUpdateCheck = 1330;
				LastUpgradeCheck = 1330;
				TargetAttributes = {
					90BF9A28282DF9FA0057C9BA = {
						CreatedOnToolsVersion = 13.3.1;
					};
				};
			};
			buildConfigurationList = 90BF9A24282DF9FA0057C9BA /* Build configuration list for PBXProject "AutoLayout" */;
			compatibilityVersion = "Xcode 13.0";
			developmentRegion = en;
			hasScannedForEncodings = 0;
			knownRegions = (
				en,
				Base,
			);
			mainGroup = 90BF9A20282DF9FA0057C9BA;
			productRefGroup = 90BF9A2A282DF9FA0057C9BA /* Products */;
			projectDirPath = "";
			projectRoot = "";
			targets = (
				90BF9A28282DF9FA0057C9BA /* AutoLayout */,
			);
		};
/* End PBXProject section */

/* Begin PBXResourcesBuildPhase section */
		90BF9A27282DF9FA0057C9BA /* Resources */ = {
			isa = PBXResourcesBuildPhase;
			buildActionMask = 2147483647;
			files = (
				90CC0F2A283CEB3800CB29BE /* PromoViewController.xib in Resources */,
				9001430128470AD000AF6E68 /* NunitoSans-BlackItalic.ttf in Resources */,
				9001430328470AD000AF6E68 /* NunitoSans-Regular.ttf in Resources */,
				90BF9A43282E0A4F0057C9BA /* LoginCollectionViewCell.xib in Resources */,
				9009BF0A2831F68C0080A0D9 /* FirstViewController.xib in Resources */,
				90CC0F26283CEB2B00CB29BE /* NewsViewController.xib in Resources */,
				900143522847134600AF6E68 /* Inter-SemiBold.ttf in Resources */,
				9001434D2847134600AF6E68 /* Inter-Bold.ttf in Resources */,
				9009BF0E2831F8AC0080A0D9 /* LoginViewController.xib in Resources */,
				908ACBD328420325006E8E56 /* UserViewController.xib in Resources */,
				9001434A2847134600AF6E68 /* Inter-Medium.ttf in Resources */,
				90BF9A39282DF9FC0057C9BA /* LaunchScreen.storyboard in Resources */,
				900143502847134600AF6E68 /* Inter-ExtraLight.ttf in Resources */,
				90B567ED2845BCE300BAA893 /* NewTableViewCell.xib in Resources */,
				9009BF122831F91B0080A0D9 /* OTPViewController.xib in Resources */,
				9001430028470AD000AF6E68 /* NunitoSans-Light.ttf in Resources */,
				9001434F2847134600AF6E68 /* Inter-ExtraBold.ttf in Resources */,
				9090994A2832320B0065A318 /* HomeViewController.xib in Resources */,
				9001430B28470AD000AF6E68 /* NunitoSans-ExtraLightItalic.ttf in Resources */,
				90BF9A36282DF9FC0057C9BA /* Assets.xcassets in Resources */,
				9001430628470AD000AF6E68 /* OFL.txt in Resources */,
				9001430828470AD000AF6E68 /* NunitoSans-SemiBold.ttf in Resources */,
				90F27630283F859F006689EB /* IntroTableViewCell.xib in Resources */,
				9001430928470AD000AF6E68 /* NunitoSans-Black.ttf in Resources */,
				9001434C2847134600AF6E68 /* Inter-Thin.ttf in Resources */,
				9001434E2847134600AF6E68 /* Inter-Regular.ttf in Resources */,
				9001434B2847134600AF6E68 /* Inter-Light.ttf in Resources */,
				9090994E28324BC00065A318 /* NewsCollectionViewCell.xib in Resources */,
				9090995628324BE70065A318 /* IntroduceCollectionViewCell.xib in Resources */,
				9001430A28470AD000AF6E68 /* NunitoSans-ExtraBoldItalic.ttf in Resources */,
				9001430428470AD000AF6E68 /* NunitoSans-SemiBoldItalic.ttf in Resources */,
				9001430228470AD000AF6E68 /* NunitoSans-ExtraBold.ttf in Resources */,
				900142FD28470AD000AF6E68 /* NunitoSans-LightItalic.ttf in Resources */,
				900142FE28470AD000AF6E68 /* NunitoSans-BoldItalic.ttf in Resources */,
				9001430528470AD000AF6E68 /* NunitoSans-Italic.ttf in Resources */,
				90CC0F2E283CEB4400CB29BE /* IntroViewController.xib in Resources */,
				900143512847134600AF6E68 /* Inter-Black.ttf in Resources */,
				9090995228324BD60065A318 /* PromoCollectionViewCell.xib in Resources */,
				90F27625283F3002006689EB /* PromoTableViewCell.xib in Resources */,
				90AD2C9D2845FECA00414C56 /* DetailsViewController.xib in Resources */,
				9001430728470AD000AF6E68 /* NunitoSans-Bold.ttf in Resources */,
				900142FF28470AD000AF6E68 /* NunitoSans-ExtraLight.ttf in Resources */,
			);
			runOnlyForDeploymentPostprocessing = 0;
		};
/* End PBXResourcesBuildPhase section */

/* Begin PBXShellScriptBuildPhase section */
		0DEFEDCE99A4BCDB88568835 /* [CP] Check Pods Manifest.lock */ = {
			isa = PBXShellScriptBuildPhase;
			buildActionMask = 2147483647;
			files = (
			);
			inputFileListPaths = (
			);
			inputPaths = (
				"${PODS_PODFILE_DIR_PATH}/Podfile.lock",
				"${PODS_ROOT}/Manifest.lock",
			);
			name = "[CP] Check Pods Manifest.lock";
			outputFileListPaths = (
			);
			outputPaths = (
				"$(DERIVED_FILE_DIR)/Pods-AutoLayout-checkManifestLockResult.txt",
			);
			runOnlyForDeploymentPostprocessing = 0;
			shellPath = /bin/sh;
			shellScript = "diff \"${PODS_PODFILE_DIR_PATH}/Podfile.lock\" \"${PODS_ROOT}/Manifest.lock\" > /dev/null\nif [ $? != 0 ] ; then\n    # print error to STDERR\n    echo \"error: The sandbox is not in sync with the Podfile.lock. Run 'pod install' or update your CocoaPods installation.\" >&2\n    exit 1\nfi\n# This output is used by Xcode 'outputs' to avoid re-running this script phase.\necho \"SUCCESS\" > \"${SCRIPT_OUTPUT_FILE_0}\"\n";
			showEnvVarsInLog = 0;
		};
		8F563B52900D3569464CCC4C /* [CP] Embed Pods Frameworks */ = {
			isa = PBXShellScriptBuildPhase;
			buildActionMask = 2147483647;
			files = (
			);
			inputFileListPaths = (
				"${PODS_ROOT}/Target Support Files/Pods-AutoLayout/Pods-AutoLayout-frameworks-${CONFIGURATION}-input-files.xcfilelist",
			);
			name = "[CP] Embed Pods Frameworks";
			outputFileListPaths = (
				"${PODS_ROOT}/Target Support Files/Pods-AutoLayout/Pods-AutoLayout-frameworks-${CONFIGURATION}-output-files.xcfilelist",
			);
			runOnlyForDeploymentPostprocessing = 0;
			shellPath = /bin/sh;
			shellScript = "\"${PODS_ROOT}/Target Support Files/Pods-AutoLayout/Pods-AutoLayout-frameworks.sh\"\n";
			showEnvVarsInLog = 0;
		};
/* End PBXShellScriptBuildPhase section */

/* Begin PBXSourcesBuildPhase section */
		90BF9A25282DF9FA0057C9BA /* Sources */ = {
			isa = PBXSourcesBuildPhase;
			buildActionMask = 2147483647;
			files = (
				90C69A70283DD83F00CD3286 /* PatientNewFeedModel.swift in Sources */,
				908ACBD228420325006E8E56 /* UserViewController.swift in Sources */,
				900143562847560700AF6E68 /* UserAPI.swift in Sources */,
				90CC0F1E283CBD1900CB29BE /* ExtentionOTPTextField.swift in Sources */,
				90C69A76283DD9C900CD3286 /* PatientIntroModel.swift in Sources */,
				90C69A78283E1B6A00CD3286 /* Ultilities.swift in Sources */,
				90CC0F1C283CBBBD00CB29BE /* ExtentionOTP.swift in Sources */,
				90EAB2A12852E252009641A5 /* LocationAPI.swift in Sources */,
				9009BF112831F91B0080A0D9 /* OTPViewController.swift in Sources */,
				9009BF0D2831F8AC0080A0D9 /* LoginViewController.swift in Sources */,
				90BF9A42282E0A4F0057C9BA /* LoginCollectionViewCell.swift in Sources */,
				90F27624283F3002006689EB /* PromoTableViewCell.swift in Sources */,
				90C69A6C283DCB2400CD3286 /* APIUtilities.swift in Sources */,
				90F27628283F32A3006689EB /* PromoAPI.swift in Sources */,
				903B61232834F55400E72DBA /* Extention.swift in Sources */,
				90F2762A283F7A60006689EB /* NewAPI.swift in Sources */,
				90C69A72283DD9AC00CD3286 /* PatientNewModel.swift in Sources */,
				907AA5B728333DDD00BFB8FF /* Home.swift in Sources */,
				90F2762F283F859F006689EB /* IntroTableViewCell.swift in Sources */,
				90CC0F29283CEB3800CB29BE /* PromoViewController.swift in Sources */,
				9001435A2847710B00AF6E68 /* ExtentionString.swift in Sources */,
				9090995128324BD60065A318 /* PromoCollectionViewCell.swift in Sources */,
				9001435428471D5E00AF6E68 /* Fonts.swift in Sources */,
				90CC0F2D283CEB4400CB29BE /* IntroViewController.swift in Sources */,
				9090994D28324BC00065A318 /* NewsCollectionViewCell.swift in Sources */,
				90BF9A45282E0C810057C9BA /* Login.swift in Sources */,
				9009BF092831F68C0080A0D9 /* FirstViewController.swift in Sources */,
				909099492832320B0065A318 /* HomeViewController.swift in Sources */,
				90F2762C283F8223006689EB /* IntroAPI.swift in Sources */,
				9090995528324BE70065A318 /* IntroduceCollectionViewCell.swift in Sources */,
				90AD2C9C2845FECA00414C56 /* DetailsViewController.swift in Sources */,
				900143582847708100AF6E68 /* PhoneNumberModel.swift in Sources */,
				90BF9A2D282DF9FA0057C9BA /* AppDelegate.swift in Sources */,
				90CC0F25283CEB2B00CB29BE /* NewsViewController.swift in Sources */,
				90B567EC2845BCE300BAA893 /* NewTableViewCell.swift in Sources */,
				90C69A74283DD9BA00CD3286 /* PatientPromoModel.swift in Sources */,
			);
			runOnlyForDeploymentPostprocessing = 0;
		};
/* End PBXSourcesBuildPhase section */

/* Begin PBXVariantGroup section */
		90BF9A37282DF9FC0057C9BA /* LaunchScreen.storyboard */ = {
			isa = PBXVariantGroup;
			children = (
				90BF9A38282DF9FC0057C9BA /* Base */,
			);
			name = LaunchScreen.storyboard;
			sourceTree = "<group>";
		};
/* End PBXVariantGroup section */

/* Begin XCBuildConfiguration section */
		90BF9A3B282DF9FC0057C9BA /* Debug */ = {
			isa = XCBuildConfiguration;
			buildSettings = {
				ALWAYS_SEARCH_USER_PATHS = NO;
				CLANG_ANALYZER_NONNULL = YES;
				CLANG_ANALYZER_NUMBER_OBJECT_CONVERSION = YES_AGGRESSIVE;
				CLANG_CXX_LANGUAGE_STANDARD = "gnu++17";
				CLANG_ENABLE_MODULES = YES;
				CLANG_ENABLE_OBJC_ARC = YES;
				CLANG_ENABLE_OBJC_WEAK = YES;
				CLANG_WARN_BLOCK_CAPTURE_AUTORELEASING = YES;
				CLANG_WARN_BOOL_CONVERSION = YES;
				CLANG_WARN_COMMA = YES;
				CLANG_WARN_CONSTANT_CONVERSION = YES;
				CLANG_WARN_DEPRECATED_OBJC_IMPLEMENTATIONS = YES;
				CLANG_WARN_DIRECT_OBJC_ISA_USAGE = YES_ERROR;
				CLANG_WARN_DOCUMENTATION_COMMENTS = YES;
				CLANG_WARN_EMPTY_BODY = YES;
				CLANG_WARN_ENUM_CONVERSION = YES;
				CLANG_WARN_INFINITE_RECURSION = YES;
				CLANG_WARN_INT_CONVERSION = YES;
				CLANG_WARN_NON_LITERAL_NULL_CONVERSION = YES;
				CLANG_WARN_OBJC_IMPLICIT_RETAIN_SELF = YES;
				CLANG_WARN_OBJC_LITERAL_CONVERSION = YES;
				CLANG_WARN_OBJC_ROOT_CLASS = YES_ERROR;
				CLANG_WARN_QUOTED_INCLUDE_IN_FRAMEWORK_HEADER = YES;
				CLANG_WARN_RANGE_LOOP_ANALYSIS = YES;
				CLANG_WARN_STRICT_PROTOTYPES = YES;
				CLANG_WARN_SUSPICIOUS_MOVE = YES;
				CLANG_WARN_UNGUARDED_AVAILABILITY = YES_AGGRESSIVE;
				CLANG_WARN_UNREACHABLE_CODE = YES;
				CLANG_WARN__DUPLICATE_METHOD_MATCH = YES;
				COPY_PHASE_STRIP = NO;
				DEBUG_INFORMATION_FORMAT = dwarf;
				ENABLE_STRICT_OBJC_MSGSEND = YES;
				ENABLE_TESTABILITY = YES;
				GCC_C_LANGUAGE_STANDARD = gnu11;
				GCC_DYNAMIC_NO_PIC = NO;
				GCC_NO_COMMON_BLOCKS = YES;
				GCC_OPTIMIZATION_LEVEL = 0;
				GCC_PREPROCESSOR_DEFINITIONS = (
					"DEBUG=1",
					"$(inherited)",
				);
				GCC_WARN_64_TO_32_BIT_CONVERSION = YES;
				GCC_WARN_ABOUT_RETURN_TYPE = YES_ERROR;
				GCC_WARN_UNDECLARED_SELECTOR = YES;
				GCC_WARN_UNINITIALIZED_AUTOS = YES_AGGRESSIVE;
				GCC_WARN_UNUSED_FUNCTION = YES;
				GCC_WARN_UNUSED_VARIABLE = YES;
				INFOPLIST_KEY_UIUserInterfaceStyle = Light;
				IPHONEOS_DEPLOYMENT_TARGET = 15.4;
				MTL_ENABLE_DEBUG_INFO = INCLUDE_SOURCE;
				MTL_FAST_MATH = YES;
				ONLY_ACTIVE_ARCH = YES;
				SDKROOT = iphoneos;
				SWIFT_ACTIVE_COMPILATION_CONDITIONS = DEBUG;
				SWIFT_OPTIMIZATION_LEVEL = "-Onone";
			};
			name = Debug;
		};
		90BF9A3C282DF9FC0057C9BA /* Release */ = {
			isa = XCBuildConfiguration;
			buildSettings = {
				ALWAYS_SEARCH_USER_PATHS = NO;
				CLANG_ANALYZER_NONNULL = YES;
				CLANG_ANALYZER_NUMBER_OBJECT_CONVERSION = YES_AGGRESSIVE;
				CLANG_CXX_LANGUAGE_STANDARD = "gnu++17";
				CLANG_ENABLE_MODULES = YES;
				CLANG_ENABLE_OBJC_ARC = YES;
				CLANG_ENABLE_OBJC_WEAK = YES;
				CLANG_WARN_BLOCK_CAPTURE_AUTORELEASING = YES;
				CLANG_WARN_BOOL_CONVERSION = YES;
				CLANG_WARN_COMMA = YES;
				CLANG_WARN_CONSTANT_CONVERSION = YES;
				CLANG_WARN_DEPRECATED_OBJC_IMPLEMENTATIONS = YES;
				CLANG_WARN_DIRECT_OBJC_ISA_USAGE = YES_ERROR;
				CLANG_WARN_DOCUMENTATION_COMMENTS = YES;
				CLANG_WARN_EMPTY_BODY = YES;
				CLANG_WARN_ENUM_CONVERSION = YES;
				CLANG_WARN_INFINITE_RECURSION = YES;
				CLANG_WARN_INT_CONVERSION = YES;
				CLANG_WARN_NON_LITERAL_NULL_CONVERSION = YES;
				CLANG_WARN_OBJC_IMPLICIT_RETAIN_SELF = YES;
				CLANG_WARN_OBJC_LITERAL_CONVERSION = YES;
				CLANG_WARN_OBJC_ROOT_CLASS = YES_ERROR;
				CLANG_WARN_QUOTED_INCLUDE_IN_FRAMEWORK_HEADER = YES;
				CLANG_WARN_RANGE_LOOP_ANALYSIS = YES;
				CLANG_WARN_STRICT_PROTOTYPES = YES;
				CLANG_WARN_SUSPICIOUS_MOVE = YES;
				CLANG_WARN_UNGUARDED_AVAILABILITY = YES_AGGRESSIVE;
				CLANG_WARN_UNREACHABLE_CODE = YES;
				CLANG_WARN__DUPLICATE_METHOD_MATCH = YES;
				COPY_PHASE_STRIP = NO;
				DEBUG_INFORMATION_FORMAT = "dwarf-with-dsym";
				ENABLE_NS_ASSERTIONS = NO;
				ENABLE_STRICT_OBJC_MSGSEND = YES;
				GCC_C_LANGUAGE_STANDARD = gnu11;
				GCC_NO_COMMON_BLOCKS = YES;
				GCC_WARN_64_TO_32_BIT_CONVERSION = YES;
				GCC_WARN_ABOUT_RETURN_TYPE = YES_ERROR;
				GCC_WARN_UNDECLARED_SELECTOR = YES;
				GCC_WARN_UNINITIALIZED_AUTOS = YES_AGGRESSIVE;
				GCC_WARN_UNUSED_FUNCTION = YES;
				GCC_WARN_UNUSED_VARIABLE = YES;
				IPHONEOS_DEPLOYMENT_TARGET = 15.4;
				MTL_ENABLE_DEBUG_INFO = NO;
				MTL_FAST_MATH = YES;
				SDKROOT = iphoneos;
				SWIFT_COMPILATION_MODE = wholemodule;
				SWIFT_OPTIMIZATION_LEVEL = "-O";
				VALIDATE_PRODUCT = YES;
			};
			name = Release;
		};
		90BF9A3E282DF9FC0057C9BA /* Debug */ = {
			isa = XCBuildConfiguration;
			baseConfigurationReference = E171CCB9DEBC95CE621DFADA /* Pods-AutoLayout.debug.xcconfig */;
			buildSettings = {
				ASSETCATALOG_COMPILER_APPICON_NAME = AppIcon;
				ASSETCATALOG_COMPILER_GLOBAL_ACCENT_COLOR_NAME = AccentColor;
				CODE_SIGN_STYLE = Automatic;
				CURRENT_PROJECT_VERSION = 1;
				DEVELOPMENT_TEAM = L986574MQT;
				GENERATE_INFOPLIST_FILE = YES;
				INFOPLIST_FILE = AutoLayout/Info.plist;
				INFOPLIST_KEY_UIApplicationSupportsIndirectInputEvents = YES;
				INFOPLIST_KEY_UILaunchStoryboardName = LaunchScreen;
				INFOPLIST_KEY_UISupportedInterfaceOrientations_iPad = "UIInterfaceOrientationPortrait UIInterfaceOrientationPortraitUpsideDown UIInterfaceOrientationLandscapeLeft UIInterfaceOrientationLandscapeRight";
				INFOPLIST_KEY_UISupportedInterfaceOrientations_iPhone = "UIInterfaceOrientationPortrait UIInterfaceOrientationLandscapeLeft UIInterfaceOrientationLandscapeRight";
				IPHONEOS_DEPLOYMENT_TARGET = 15.3;
				LD_RUNPATH_SEARCH_PATHS = (
					"$(inherited)",
					"@executable_path/Frameworks",
				);
				MARKETING_VERSION = 1.0;
				PRODUCT_BUNDLE_IDENTIFIER = VietKpz.AutoLayout;
				PRODUCT_NAME = "$(TARGET_NAME)";
				SWIFT_EMIT_LOC_STRINGS = YES;
				SWIFT_VERSION = 5.0;
				TARGETED_DEVICE_FAMILY = "1,2";
			};
			name = Debug;
		};
		90BF9A3F282DF9FC0057C9BA /* Release */ = {
			isa = XCBuildConfiguration;
			baseConfigurationReference = 3F7524CA283CC600BC59A30D /* Pods-AutoLayout.release.xcconfig */;
			buildSettings = {
				ASSETCATALOG_COMPILER_APPICON_NAME = AppIcon;
				ASSETCATALOG_COMPILER_GLOBAL_ACCENT_COLOR_NAME = AccentColor;
				CODE_SIGN_STYLE = Automatic;
				CURRENT_PROJECT_VERSION = 1;
				DEVELOPMENT_TEAM = L986574MQT;
				GENERATE_INFOPLIST_FILE = YES;
				INFOPLIST_FILE = AutoLayout/Info.plist;
				INFOPLIST_KEY_UIApplicationSupportsIndirectInputEvents = YES;
				INFOPLIST_KEY_UILaunchStoryboardName = LaunchScreen;
				INFOPLIST_KEY_UISupportedInterfaceOrientations_iPad = "UIInterfaceOrientationPortrait UIInterfaceOrientationPortraitUpsideDown UIInterfaceOrientationLandscapeLeft UIInterfaceOrientationLandscapeRight";
				INFOPLIST_KEY_UISupportedInterfaceOrientations_iPhone = "UIInterfaceOrientationPortrait UIInterfaceOrientationLandscapeLeft UIInterfaceOrientationLandscapeRight";
				IPHONEOS_DEPLOYMENT_TARGET = 15.3;
				LD_RUNPATH_SEARCH_PATHS = (
					"$(inherited)",
					"@executable_path/Frameworks",
				);
				MARKETING_VERSION = 1.0;
				PRODUCT_BUNDLE_IDENTIFIER = VietKpz.AutoLayout;
				PRODUCT_NAME = "$(TARGET_NAME)";
				SWIFT_EMIT_LOC_STRINGS = YES;
				SWIFT_VERSION = 5.0;
				TARGETED_DEVICE_FAMILY = "1,2";
			};
			name = Release;
		};
/* End XCBuildConfiguration section */

/* Begin XCConfigurationList section */
		90BF9A24282DF9FA0057C9BA /* Build configuration list for PBXProject "AutoLayout" */ = {
			isa = XCConfigurationList;
			buildConfigurations = (
				90BF9A3B282DF9FC0057C9BA /* Debug */,
				90BF9A3C282DF9FC0057C9BA /* Release */,
			);
			defaultConfigurationIsVisible = 0;
			defaultConfigurationName = Release;
		};
		90BF9A3D282DF9FC0057C9BA /* Build configuration list for PBXNativeTarget "AutoLayout" */ = {
			isa = XCConfigurationList;
			buildConfigurations = (
				90BF9A3E282DF9FC0057C9BA /* Debug */,
				90BF9A3F282DF9FC0057C9BA /* Release */,
			);
			defaultConfigurationIsVisible = 0;
			defaultConfigurationName = Release;
		};
/* End XCConfigurationList section */
	};
	rootObject = 90BF9A21282DF9FA0057C9BA /* Project object */;
}
